
Microsoft Visual Studio Solution File, Format Version 12.00
# Visual Studio 2012
Project("{FAE04EC0-301F-11D3-BF4B-00C04F79EFBC}") = "KeyboardIntercept", "KeyboardIntercept\KeyboardIntercept.csproj", "{D732C665-4116-4AB6-9A4C-D31BA0EF5771}"
EndProject
Global
	GlobalSection(SolutionConfigurationPlatforms) = preSolution
		Debug|Any CPU = Debug|Any CPU
		Release|Any CPU = Release|Any CPU
	EndGlobalSection
	GlobalSection(ProjectConfigurationPlatforms) = postSolution
		{D732C665-4116-4AB6-9A4C-D31BA0EF5771}.Debug|Any CPU.ActiveCfg = Debug|Any CPU
		{D732C665-4116-4AB6-9A4C-D31BA0EF5771}.Debug|Any CPU.Build.0 = Debug|Any CPU
		{D732C665-4116-4AB6-9A4C-D31BA0EF5771}.Release|Any CPU.ActiveCfg = Release|Any CPU
		{D732C665-4116-4AB6-9A4C-D31BA0EF5771}.Release|Any CPU.Build.0 = Release|Any CPU
	EndGlobalSection
	GlobalSection(SolutionProperties) = preSolution
		HideSolutionNode = FALSE
	EndGlobalSection
EndGlobal
